
Microsoft Visual Studio Solution File, Format Version 12.00
# Visual Studio 15
VisualStudioVersion = 15.0.28307.421
MinimumVisualStudioVersion = 10.0.40219.1
Project("{FAE04EC0-301F-11D3-BF4B-00C04F79EFBC}") = "FrontEnd1.Android", "FrontEnd1\FrontEnd1.Android\FrontEnd1.Android.csproj", "{02736480-503E-43AD-B0B1-8C798BB78367}"
EndProject
Project("{FAE04EC0-301F-11D3-BF4B-00C04F79EFBC}") = "FrontEnd1.iOS", "FrontEnd1\FrontEnd1.iOS\FrontEnd1.iOS.csproj", "{38FC2600-B310-45BF-A2AF-35E087A70C2B}"
EndProject
Project("{FAE04EC0-301F-11D3-BF4B-00C04F79EFBC}") = "FrontEnd1", "FrontEnd1\FrontEnd1\FrontEnd1.csproj", "{4BEFDC90-0D6C-476E-AF81-B4153AB54EB5}"
EndProject
Global
	GlobalSection(SolutionConfigurationPlatforms) = preSolution
		Ad-Hoc|Any CPU = Ad-Hoc|Any CPU
		Ad-Hoc|iPhone = Ad-Hoc|iPhone
		Ad-Hoc|iPhoneSimulator = Ad-Hoc|iPhoneSimulator
		AppStore|Any CPU = AppStore|Any CPU
		AppStore|iPhone = AppStore|iPhone
		AppStore|iPhoneSimulator = AppStore|iPhoneSimulator
		Debug|Any CPU = Debug|Any CPU
		Debug|iPhone = Debug|iPhone
		Debug|iPhoneSimulator = Debug|iPhoneSimulator
		Release|Any CPU = Release|Any CPU
		Release|iPhone = Release|iPhone
		Release|iPhoneSimulator = Release|iPhoneSimulator
	EndGlobalSection
	GlobalSection(ProjectConfigurationPlatforms) = postSolution
		{02736480-503E-43AD-B0B1-8C798BB78367}.Ad-Hoc|Any CPU.ActiveCfg = Release|Any CPU
		{02736480-503E-43AD-B0B1-8C798BB78367}.Ad-Hoc|Any CPU.Build.0 = Release|Any CPU
		{02736480-503E-43AD-B0B1-8C798BB78367}.Ad-Hoc|Any CPU.Deploy.0 = Release|Any CPU
		{02736480-503E-43AD-B0B1-8C798BB78367}.Ad-Hoc|iPhone.ActiveCfg = Release|Any CPU
		{02736480-503E-43AD-B0B1-8C798BB78367}.Ad-Hoc|iPhone.Build.0 = Release|Any CPU
		{02736480-503E-43AD-B0B1-8C798BB78367}.Ad-Hoc|iPhone.Deploy.0 = Release|Any CPU
		{02736480-503E-43AD-B0B1-8C798BB78367}.Ad-Hoc|iPhoneSimulator.ActiveCfg = Release|Any CPU
		{02736480-503E-43AD-B0B1-8C798BB78367}.Ad-Hoc|iPhoneSimulator.Build.0 = Release|Any CPU
		{02736480-503E-43AD-B0B1-8C798BB78367}.Ad-Hoc|iPhoneSimulator.Deploy.0 = Release|Any CPU
		{02736480-503E-43AD-B0B1-8C798BB78367}.AppStore|Any CPU.ActiveCfg = Release|Any CPU
		{02736480-503E-43AD-B0B1-8C798BB78367}.AppStore|Any CPU.Build.0 = Release|Any CPU
		{02736480-503E-43AD-B0B1-8C798BB78367}.AppStore|Any CPU.Deploy.0 = Release|Any CPU
		{02736480-503E-43AD-B0B1-8C798BB78367}.AppStore|iPhone.ActiveCfg = Release|Any CPU
		{02736480-503E-43AD-B0B1-8C798BB78367}.AppStore|iPhone.Build.0 = Release|Any CPU
		{02736480-503E-43AD-B0B1-8C798BB78367}.AppStore|iPhone.Deploy.0 = Release|Any CPU
		{02736480-503E-43AD-B0B1-8C798BB78367}.AppStore|iPhoneSimulator.ActiveCfg = Release|Any CPU
		{02736480-503E-43AD-B0B1-8C798BB78367}.AppStore|iPhoneSimulator.Build.0 = Release|Any CPU
		{02736480-503E-43AD-B0B1-8C798BB78367}.AppStore|iPhoneSimulator.Deploy.0 = Release|Any CPU
		{02736480-503E-43AD-B0B1-8C798BB78367}.Debug|Any CPU.ActiveCfg = Debug|Any CPU
		{02736480-503E-43AD-B0B1-8C798BB78367}.Debug|Any CPU.Build.0 = Debug|Any CPU
		{02736480-503E-43AD-B0B1-8C798BB78367}.Debug|Any CPU.Deploy.0 = Debug|Any CPU
		{02736480-503E-43AD-B0B1-8C798BB78367}.Debug|iPhone.ActiveCfg = Debug|Any CPU
		{02736480-503E-43AD-B0B1-8C798BB78367}.Debug|iPhone.Build.0 = Debug|Any CPU
		{02736480-503E-43AD-B0B1-8C798BB78367}.Debug|iPhone.Deploy.0 = Debug|Any CPU
		{02736480-503E-43AD-B0B1-8C798BB78367}.Debug|iPhoneSimulator.ActiveCfg = Debug|Any CPU
		{02736480-503E-43AD-B0B1-8C798BB78367}.Debug|iPhoneSimulator.Build.0 = Debug|Any CPU
		{02736480-503E-43AD-B0B1-8C798BB78367}.Debug|iPhoneSimulator.Deploy.0 = Debug|Any CPU
		{02736480-503E-43AD-B0B1-8C798BB78367}.Release|Any CPU.ActiveCfg = Release|Any CPU
		{02736480-503E-43AD-B0B1-8C798BB78367}.Release|Any CPU.Build.0 = Release|Any CPU
		{02736480-503E-43AD-B0B1-8C798BB78367}.Release|Any CPU.Deploy.0 = Release|Any CPU
		{02736480-503E-43AD-B0B1-8C798BB78367}.Release|iPhone.ActiveCfg = Release|Any CPU
		{02736480-503E-43AD-B0B1-8C798BB78367}.Release|iPhone.Build.0 = Release|Any CPU
		{02736480-503E-43AD-B0B1-8C798BB78367}.Release|iPhone.Deploy.0 = Release|Any CPU
		{02736480-503E-43AD-B0B1-8C798BB78367}.Release|iPhoneSimulator.ActiveCfg = Release|Any CPU
		{02736480-503E-43AD-B0B1-8C798BB78367}.Release|iPhoneSimulator.Build.0 = Release|Any CPU
		{02736480-503E-43AD-B0B1-8C798BB78367}.Release|iPhoneSimulator.Deploy.0 = Release|Any CPU
		{38FC2600-B310-45BF-A2AF-35E087A70C2B}.Ad-Hoc|Any CPU.ActiveCfg = Ad-Hoc|iPhone
		{38FC2600-B310-45BF-A2AF-35E087A70C2B}.Ad-Hoc|Any CPU.Build.0 = Ad-Hoc|iPhone
		{38FC2600-B310-45BF-A2AF-35E087A70C2B}.Ad-Hoc|Any CPU.Deploy.0 = Ad-Hoc|iPhone
		{38FC2600-B310-45BF-A2AF-35E087A70C2B}.Ad-Hoc|iPhone.ActiveCfg = Ad-Hoc|iPhone
		{38FC2600-B310-45BF-A2AF-35E087A70C2B}.Ad-Hoc|iPhone.Build.0 = Ad-Hoc|iPhone
		{38FC2600-B310-45BF-A2AF-35E087A70C2B}.Ad-Hoc|iPhone.Deploy.0 = Ad-Hoc|iPhone
		{38FC2600-B310-45BF-A2AF-35E087A70C2B}.Ad-Hoc|iPhoneSimulator.ActiveCfg = Ad-Hoc|iPhoneSimulator
		{38FC2600-B310-45BF-A2AF-35E087A70C2B}.Ad-Hoc|iPhoneSimulator.Build.0 = Ad-Hoc|iPhoneSimulator
		{38FC2600-B310-45BF-A2AF-35E087A70C2B}.Ad-Hoc|iPhoneSimulator.Deploy.0 = Ad-Hoc|iPhoneSimulator
		{38FC2600-B310-45BF-A2AF-35E087A70C2B}.AppStore|Any CPU.ActiveCfg = AppStore|iPhone
		{38FC2600-B310-45BF-A2AF-35E087A70C2B}.AppStore|Any CPU.Build.0 = AppStore|iPhone
		{38FC2600-B310-45BF-A2AF-35E087A70C2B}.AppStore|Any CPU.Deploy.0 = AppStore|iPhone
		{38FC2600-B310-45BF-A2AF-35E087A70C2B}.AppStore|iPhone.ActiveCfg = AppStore|iPhone
		{38FC2600-B310-45BF-A2AF-35E087A70C2B}.AppStore|iPhone.Build.0 = AppStore|iPhone
		{38FC2600-B310-45BF-A2AF-35E087A70C2B}.AppStore|iPhone.Deploy.0 = AppStore|iPhone
		{38FC2600-B310-45BF-A2AF-35E087A70C2B}.AppStore|iPhoneSimulator.ActiveCfg = AppStore|iPhoneSimulator
		{38FC2600-B310-45BF-A2AF-35E087A70C2B}.AppStore|iPhoneSimulator.Build.0 = AppStore|iPhoneSimulator
		{38FC2600-B310-45BF-A2AF-35E087A70C2B}.AppStore|iPhoneSimulator.Deploy.0 = AppStore|iPhoneSimulator
		{38FC2600-B310-45BF-A2AF-35E087A70C2B}.Debug|Any CPU.ActiveCfg = Debug|iPhoneSimulator
		{38FC2600-B310-45BF-A2AF-35E087A70C2B}.Debug|Any CPU.Build.0 = Debug|iPhoneSimulator
		{38FC2600-B310-45BF-A2AF-35E087A70C2B}.Debug|Any CPU.Deploy.0 = Debug|iPhoneSimulator
		{38FC2600-B310-45BF-A2AF-35E087A70C2B}.Debug|iPhone.ActiveCfg = Debug|iPhone
		{38FC2600-B310-45BF-A2AF-35E087A70C2B}.Debug|iPhone.Build.0 = Debug|iPhone
		{38FC2600-B310-45BF-A2AF-35E087A70C2B}.Debug|iPhone.Deploy.0 = Debug|iPhone
		{38FC2600-B310-45BF-A2AF-35E087A70C2B}.Debug|iPhoneSimulator.ActiveCfg = Debug|iPhoneSimulator
		{38FC2600-B310-45BF-A2AF-35E087A70C2B}.Debug|iPhoneSimulator.Build.0 = Debug|iPhoneSimulator
		{38FC2600-B310-45BF-A2AF-35E087A70C2B}.Debug|iPhoneSimulator.Deploy.0 = Debug|iPhoneSimulator
		{38FC2600-B310-45BF-A2AF-35E087A70C2B}.Release|Any CPU.ActiveCfg = Release|iPhone
		{38FC2600-B310-45BF-A2AF-35E087A70C2B}.Release|Any CPU.Build.0 = Release|iPhone
		{38FC2600-B310-45BF-A2AF-35E087A70C2B}.Release|Any CPU.Deploy.0 = Release|iPhone
		{38FC2600-B310-45BF-A2AF-35E087A70C2B}.Release|iPhone.ActiveCfg = Release|iPhone
		{38FC2600-B310-45BF-A2AF-35E087A70C2B}.Release|iPhone.Build.0 = Release|iPhone
		{38FC2600-B310-45BF-A2AF-35E087A70C2B}.Release|iPhone.Deploy.0 = Release|iPhone
		{38FC2600-B310-45BF-A2AF-35E087A70C2B}.Release|iPhoneSimulator.ActiveCfg = Release|iPhoneSimulator
		{38FC2600-B310-45BF-A2AF-35E087A70C2B}.Release|iPhoneSimulator.Build.0 = Release|iPhoneSimulator
		{38FC2600-B310-45BF-A2AF-35E087A70C2B}.Release|iPhoneSimulator.Deploy.0 = Release|iPhoneSimulator
		{4BEFDC90-0D6C-476E-AF81-B4153AB54EB5}.Ad-Hoc|Any CPU.ActiveCfg = Debug|Any CPU
		{4BEFDC90-0D6C-476E-AF81-B4153AB54EB5}.Ad-Hoc|Any CPU.Build.0 = Debug|Any CPU
		{4BEFDC90-0D6C-476E-AF81-B4153AB54EB5}.Ad-Hoc|Any CPU.Deploy.0 = Debug|Any CPU
		{4BEFDC90-0D6C-476E-AF81-B4153AB54EB5}.Ad-Hoc|iPhone.ActiveCfg = Debug|Any CPU
		{4BEFDC90-0D6C-476E-AF81-B4153AB54EB5}.Ad-Hoc|iPhone.Build.0 = Debug|Any CPU
		{4BEFDC90-0D6C-476E-AF81-B4153AB54EB5}.Ad-Hoc|iPhone.Deploy.0 = Debug|Any CPU
		{4BEFDC90-0D6C-476E-AF81-B4153AB54EB5}.Ad-Hoc|iPhoneSimulator.ActiveCfg = Debug|Any CPU
		{4BEFDC90-0D6C-476E-AF81-B4153AB54EB5}.Ad-Hoc|iPhoneSimulator.Build.0 = Debug|Any CPU
		{4BEFDC90-0D6C-476E-AF81-B4153AB54EB5}.Ad-Hoc|iPhoneSimulator.Deploy.0 = Debug|Any CPU
		{4BEFDC90-0D6C-476E-AF81-B4153AB54EB5}.AppStore|Any CPU.ActiveCfg = Debug|Any CPU
		{4BEFDC90-0D6C-476E-AF81-B4153AB54EB5}.AppStore|Any CPU.Build.0 = Debug|Any CPU
		{4BEFDC90-0D6C-476E-AF81-B4153AB54EB5}.AppStore|Any CPU.Deploy.0 = Debug|Any CPU
		{4BEFDC90-0D6C-476E-AF81-B4153AB54EB5}.AppStore|iPhone.ActiveCfg = Debug|Any CPU
		{4BEFDC90-0D6C-476E-AF81-B4153AB54EB5}.AppStore|iPhone.Build.0 = Debug|Any CPU
		{4BEFDC90-0D6C-476E-AF81-B4153AB54EB5}.AppStore|iPhone.Deploy.0 = Debug|Any CPU
		{4BEFDC90-0D6C-476E-AF81-B4153AB54EB5}.AppStore|iPhoneSimulator.ActiveCfg = Debug|Any CPU
		{4BEFDC90-0D6C-476E-AF81-B4153AB54EB5}.AppStore|iPhoneSimulator.Build.0 = Debug|Any CPU
		{4BEFDC90-0D6C-476E-AF81-B4153AB54EB5}.AppStore|iPhoneSimulator.Deploy.0 = Debug|Any CPU
		{4BEFDC90-0D6C-476E-AF81-B4153AB54EB5}.Debug|Any CPU.ActiveCfg = Debug|Any CPU
		{4BEFDC90-0D6C-476E-AF81-B4153AB54EB5}.Debug|Any CPU.Build.0 = Debug|Any CPU
		{4BEFDC90-0D6C-476E-AF81-B4153AB54EB5}.Debug|Any CPU.Deploy.0 = Debug|Any CPU
		{4BEFDC90-0D6C-476E-AF81-B4153AB54EB5}.Debug|iPhone.ActiveCfg = Debug|Any CPU
		{4BEFDC90-0D6C-476E-AF81-B4153AB54EB5}.Debug|iPhone.Build.0 = Debug|Any CPU
		{4BEFDC90-0D6C-476E-AF81-B4153AB54EB5}.Debug|iPhone.Deploy.0 = Debug|Any CPU
		{4BEFDC90-0D6C-476E-AF81-B4153AB54EB5}.Debug|iPhoneSimulator.ActiveCfg = Debug|Any CPU
		{4BEFDC90-0D6C-476E-AF81-B4153AB54EB5}.Debug|iPhoneSimulator.Build.0 = Debug|Any CPU
		{4BEFDC90-0D6C-476E-AF81-B4153AB54EB5}.Debug|iPhoneSimulator.Deploy.0 = Debug|Any CPU
		{4BEFDC90-0D6C-476E-AF81-B4153AB54EB5}.Release|Any CPU.ActiveCfg = Release|Any CPU
		{4BEFDC90-0D6C-476E-AF81-B4153AB54EB5}.Release|Any CPU.Build.0 = Release|Any CPU
		{4BEFDC90-0D6C-476E-AF81-B4153AB54EB5}.Release|Any CPU.Deploy.0 = Release|Any CPU
		{4BEFDC90-0D6C-476E-AF81-B4153AB54EB5}.Release|iPhone.ActiveCfg = Release|Any CPU
		{4BEFDC90-0D6C-476E-AF81-B4153AB54EB5}.Release|iPhone.Build.0 = Release|Any CPU
		{4BEFDC90-0D6C-476E-AF81-B4153AB54EB5}.Release|iPhone.Deploy.0 = Release|Any CPU
		{4BEFDC90-0D6C-476E-AF81-B4153AB54EB5}.Release|iPhoneSimulator.ActiveCfg = Release|Any CPU
		{4BEFDC90-0D6C-476E-AF81-B4153AB54EB5}.Release|iPhoneSimulator.Build.0 = Release|Any CPU
		{4BEFDC90-0D6C-476E-AF81-B4153AB54EB5}.Release|iPhoneSimulator.Deploy.0 = Release|Any CPU
	EndGlobalSection
	GlobalSection(SolutionProperties) = preSolution
		HideSolutionNode = FALSE
	EndGlobalSection
	GlobalSection(ExtensibilityGlobals) = postSolution
		SolutionGuid = {E46680E0-93F2-4446-A1B1-A814A4EEBED4}
	EndGlobalSection
EndGlobal
